# This file was autogenerated by Stack.
# You should not edit this file by hand.
# For more information, please see the documentation at:
#   https://docs.haskellstack.org/en/stable/lock_files

packages:
- completed:
    hackage: chessIO-0.9.3.0@sha256:9c6595def4d6615503d1b78aef51749522f6f77aac7eb8643b0d1c22d018a4a9,5044
    pantry-tree:
      size: 1407
      sha256: 1f03d56ea18b293f37e42122c8ed71ed4e1d9ea1a13285eea272083edbb082cb
  original:
    hackage: chessIO-0.9.3.0
snapshots:
- completed:
    size: 616897
    url: https://raw.githubusercontent.com/commercialhaskell/stackage-snapshots/master/lts/19/0.yaml
    sha256: bbf2be02f17940bac1f87cb462d4fb0c3355de6dcfc53d84f4f9ad3ee2164f65
  original:
    url: https://raw.githubusercontent.com/commercialhaskell/stackage-snapshots/master/lts/19/0.yaml
